
Microsoft Visual Studio Solution File, Format Version 12.00
# Visual Studio Version 17
VisualStudioVersion = 17.13.35825.156
MinimumVisualStudioVersion = 10.0.40219.1
Project("{FAE04EC0-301F-11D3-BF4B-00C04F79EFBC}") = "2280600488_TRANBAODUY", "TravelWeb\2280600488_TRANBAODUY.csproj", "{619DA10F-CE64-4677-85FD-7EA29F1AFE75}"
EndProject
Global
	GlobalSection(SolutionConfigurationPlatforms) = preSolution
		Debug|Any CPU = Debug|Any CPU
		Release|Any CPU = Release|Any CPU
	EndGlobalSection
	GlobalSection(ProjectConfigurationPlatforms) = postSolution
		{619DA10F-CE64-4677-85FD-7EA29F1AFE75}.Debug|Any CPU.ActiveCfg = Debug|Any CPU
		{619DA10F-CE64-4677-85FD-7EA29F1AFE75}.Debug|Any CPU.Build.0 = Debug|Any CPU
		{619DA10F-CE64-4677-85FD-7EA29F1AFE75}.Release|Any CPU.ActiveCfg = Release|Any CPU
		{619DA10F-CE64-4677-85FD-7EA29F1AFE75}.Release|Any CPU.Build.0 = Release|Any CPU
	EndGlobalSection
	GlobalSection(SolutionProperties) = preSolution
		HideSolutionNode = FALSE
	EndGlobalSection
	GlobalSection(ExtensibilityGlobals) = postSolution
		SolutionGuid = {FD97C0E5-E3F8-4747-AB0A-1AA7FD519B15}
	EndGlobalSection
EndGlobal
